
Microsoft Visual Studio Solution File, Format Version 12.00
# Visual Studio Version 16
VisualStudioVersion = 16.0.35130.168
MinimumVisualStudioVersion = 10.0.40219.1
Project("{F184B08F-C81C-45F6-A57F-5ABD9991F28F}") = "002TN0068", "002TN0068.vbproj", "{B0A59F68-02AF-44C9-BB2F-184B0425740A}"
EndProject
Global
	GlobalSection(SolutionConfigurationPlatforms) = preSolution
		Debug|Any CPU = Debug|Any CPU
		Release|Any CPU = Release|Any CPU
	EndGlobalSection
	GlobalSection(ProjectConfigurationPlatforms) = postSolution
		{B0A59F68-02AF-44C9-BB2F-184B0425740A}.Debug|Any CPU.ActiveCfg = Debug|Any CPU
		{B0A59F68-02AF-44C9-BB2F-184B0425740A}.Debug|Any CPU.Build.0 = Debug|Any CPU
		{B0A59F68-02AF-44C9-BB2F-184B0425740A}.Release|Any CPU.ActiveCfg = Release|Any CPU
		{B0A59F68-02AF-44C9-BB2F-184B0425740A}.Release|Any CPU.Build.0 = Release|Any CPU
	EndGlobalSection
	GlobalSection(SolutionProperties) = preSolution
		HideSolutionNode = FALSE
	EndGlobalSection
	GlobalSection(ExtensibilityGlobals) = postSolution
		SolutionGuid = {066B4E2C-7844-4381-900C-85ACFE78F404}
	EndGlobalSection
EndGlobal
